
Microsoft Visual Studio Solution File, Format Version 12.00
# Visual Studio Version 17
VisualStudioVersion = 17.0.32112.339
MinimumVisualStudioVersion = 10.0.40219.1
Project("{FAE04EC0-301F-11D3-BF4B-00C04F79EFBC}") = "WynReportsEmbeddedSample_MVC", "WynReportsEmbeddedSample_MVC\WynReportsEmbeddedSample_MVC.csproj", "{C1A21429-B11A-4FF8-B852-61ABBF02C7D9}"
EndProject
Global
	GlobalSection(SolutionConfigurationPlatforms) = preSolution
		Debug|Any CPU = Debug|Any CPU
		Release|Any CPU = Release|Any CPU
	EndGlobalSection
	GlobalSection(ProjectConfigurationPlatforms) = postSolution
		{C1A21429-B11A-4FF8-B852-61ABBF02C7D9}.Debug|Any CPU.ActiveCfg = Debug|Any CPU
		{C1A21429-B11A-4FF8-B852-61ABBF02C7D9}.Debug|Any CPU.Build.0 = Debug|Any CPU
		{C1A21429-B11A-4FF8-B852-61ABBF02C7D9}.Release|Any CPU.ActiveCfg = Release|Any CPU
		{C1A21429-B11A-4FF8-B852-61ABBF02C7D9}.Release|Any CPU.Build.0 = Release|Any CPU
	EndGlobalSection
	GlobalSection(SolutionProperties) = preSolution
		HideSolutionNode = FALSE
	EndGlobalSection
	GlobalSection(ExtensibilityGlobals) = postSolution
		SolutionGuid = {F3F01D3F-994A-4270-AFF6-D6AF12CEAA25}
	EndGlobalSection
EndGlobal
