{
  "name": "wwwroot",
  "lockfileVersion": 2,
  "requires": true,
  "packages": {
    "": {
      "dependencies": {
        "@grapecity/wyn-integration": "6.1.2"
      }
    },
    "node_modules/@grapecity/wyn-integration": {
      "version": "6.1.2",
      "resolved": "https://registry.npmjs.org/@grapecity/wyn-integration/-/wyn-integration-6.1.2.tgz",
      "integrity": "sha512-zqfVAQj51eMbhGMIHxeGy+5qmFg1cF3JU8SL5dJbJ+QPHJCulnYq+yQ4RFtQWe8r1kMcwJJO2k/Ia2QJWfvz8A=="
    }
  },
  "dependencies": {
    "@grapecity/wyn-integration": {
      "version": "6.1.2",
      "resolved": "https://registry.npmjs.org/@grapecity/wyn-integration/-/wyn-integration-6.1.2.tgz",
      "integrity": "sha512-zqfVAQj51eMbhGMIHxeGy+5qmFg1cF3JU8SL5dJbJ+QPHJCulnYq+yQ4RFtQWe8r1kMcwJJO2k/Ia2QJWfvz8A=="
    }
  }
}
